// !$*UTF8*$!
{
	archiveVersion = 1;
	classes = {
	};
	objectVersion = 50;
	objects = {

/* Begin PBXBuildFile section */
		55394FB1259255FE00A0A0E9 /* Share_honestlyApp.swift in Sources */ = {isa = PBXBuildFile; fileRef = 55394FB0259255FE00A0A0E9 /* Share_honestlyApp.swift */; };
		55394FB3259255FE00A0A0E9 /* ContentView.swift in Sources */ = {isa = PBXBuildFile; fileRef = 55394FB2259255FE00A0A0E9 /* ContentView.swift */; };
		55394FB5259255FF00A0A0E9 /* Assets.xcassets in Resources */ = {isa = PBXBuildFile; fileRef = 55394FB4259255FF00A0A0E9 /* Assets.xcassets */; };
		55394FB8259255FF00A0A0E9 /* Preview Assets.xcassets in Resources */ = {isa = PBXBuildFile; fileRef = 55394FB7259255FF00A0A0E9 /* Preview Assets.xcassets */; };
		55490F76259867D900C5F321 /* License.swift in Sources */ = {isa = PBXBuildFile; fileRef = 55490F75259867D900C5F321 /* License.swift */; };
		55490F7B2598D5E200C5F321 /* Localizable.strings in Resources */ = {isa = PBXBuildFile; fileRef = 55490F7D2598D5E200C5F321 /* Localizable.strings */; };
/* End PBXBuildFile section */

/* Begin PBXFileReference section */
		55394FAD259255FE00A0A0E9 /* Share honestly.app */ = {isa = PBXFileReference; explicitFileType = wrapper.application; includeInIndex = 0; path = "Share honestly.app"; sourceTree = BUILT_PRODUCTS_DIR; };
		55394FB0259255FE00A0A0E9 /* Share_honestlyApp.swift */ = {isa = PBXFileReference; lastKnownFileType = sourcecode.swift; path = Share_honestlyApp.swift; sourceTree = "<group>"; };
		55394FB2259255FE00A0A0E9 /* ContentView.swift */ = {isa = PBXFileReference; lastKnownFileType = sourcecode.swift; path = ContentView.swift; sourceTree = "<group>"; };
		55394FB4259255FF00A0A0E9 /* Assets.xcassets */ = {isa = PBXFileReference; lastKnownFileType = folder.assetcatalog; path = Assets.xcassets; sourceTree = "<group>"; };
		55394FB7259255FF00A0A0E9 /* Preview Assets.xcassets */ = {isa = PBXFileReference; lastKnownFileType = folder.assetcatalog; path = "Preview Assets.xcassets"; sourceTree = "<group>"; };
		55394FB9259255FF00A0A0E9 /* Info.plist */ = {isa = PBXFileReference; lastKnownFileType = text.plist.xml; path = Info.plist; sourceTree = "<group>"; };
		55490F75259867D900C5F321 /* License.swift */ = {isa = PBXFileReference; lastKnownFileType = sourcecode.swift; path = License.swift; sourceTree = "<group>"; };
		55490F7C2598D5E200C5F321 /* en */ = {isa = PBXFileReference; lastKnownFileType = text.plist.strings; name = en; path = en.lproj/Localizable.strings; sourceTree = "<group>"; };
		55490F7E2598D60600C5F321 /* ru */ = {isa = PBXFileReference; lastKnownFileType = text.plist.strings; name = ru; path = ru.lproj/Localizable.strings; sourceTree = "<group>"; };
/* End PBXFileReference section */

/* Begin PBXFrameworksBuildPhase section */
		55394FAA259255FE00A0A0E9 /* Frameworks */ = {
			isa = PBXFrameworksBuildPhase;
			buildActionMask = 2147483647;
			files = (
			);
			runOnlyForDeploymentPostprocessing = 0;
		};
/* End PBXFrameworksBuildPhase section */

/* Begin PBXGroup section */
		55394FA4259255FE00A0A0E9 = {
			isa = PBXGroup;
			children = (
				55394FAF259255FE00A0A0E9 /* Share honestly */,
				55394FAE259255FE00A0A0E9 /* Products */,
			);
			sourceTree = "<group>";
		};
		55394FAE259255FE00A0A0E9 /* Products */ = {
			isa = PBXGroup;
			children = (
				55394FAD259255FE00A0A0E9 /* Share honestly.app */,
			);
			name = Products;
			sourceTree = "<group>";
		};
		55394FAF259255FE00A0A0E9 /* Share honestly */ = {
			isa = PBXGroup;
			children = (
				55394FB0259255FE00A0A0E9 /* Share_honestlyApp.swift */,
				55394FB2259255FE00A0A0E9 /* ContentView.swift */,
				55490F75259867D900C5F321 /* License.swift */,
				55394FB4259255FF00A0A0E9 /* Assets.xcassets */,
				55394FB9259255FF00A0A0E9 /* Info.plist */,
				55394FB6259255FF00A0A0E9 /* Preview Content */,
				55490F7D2598D5E200C5F321 /* Localizable.strings */,
			);
			path = "Share honestly";
			sourceTree = "<group>";
		};
		55394FB6259255FF00A0A0E9 /* Preview Content */ = {
			isa = PBXGroup;
			children = (
				55394FB7259255FF00A0A0E9 /* Preview Assets.xcassets */,
			);
			path = "Preview Content";
			sourceTree = "<group>";
		};
/* End PBXGroup section */

/* Begin PBXNativeTarget section */
		55394FAC259255FE00A0A0E9 /* Share honestly */ = {
			isa = PBXNativeTarget;
			buildConfigurationList = 55394FBC259255FF00A0A0E9 /* Build configuration list for PBXNativeTarget "Share honestly" */;
			buildPhases = (
				55394FA9259255FE00A0A0E9 /* Sources */,
				55394FAA259255FE00A0A0E9 /* Frameworks */,
				55394FAB259255FE00A0A0E9 /* Resources */,
			);
			buildRules = (
			);
			dependencies = (
			);
			name = "Share honestly";
			productName = "Share honestly";
			productReference = 55394FAD259255FE00A0A0E9 /* Share honestly.app */;
			productType = "com.apple.product-type.application";
		};
/* End PBXNativeTarget section */

/* Begin PBXProject section */
		55394FA5259255FE00A0A0E9 /* Project object */ = {
			isa = PBXProject;
			attributes = {
				LastSwiftUpdateCheck = 1230;
				LastUpgradeCheck = 1230;
				TargetAttributes = {
					55394FAC259255FE00A0A0E9 = {
						CreatedOnToolsVersion = 12.3;
					};
				};
			};
			buildConfigurationList = 55394FA8259255FE00A0A0E9 /* Build configuration list for PBXProject "Share honestly" */;
			compatibilityVersion = "Xcode 9.3";
			developmentRegion = en;
			hasScannedForEncodings = 0;
			knownRegions = (
				en,
				Base,
				ru,
			);
			mainGroup = 55394FA4259255FE00A0A0E9;
			productRefGroup = 55394FAE259255FE00A0A0E9 /* Products */;
			projectDirPath = "";
			projectRoot = "";
			targets = (
				55394FAC259255FE00A0A0E9 /* Share honestly */,
			);
		};
/* End PBXProject section */

/* Begin PBXResourcesBuildPhase section */
		55394FAB259255FE00A0A0E9 /* Resources */ = {
			isa = PBXResourcesBuildPhase;
			buildActionMask = 2147483647;
			files = (
				55394FB8259255FF00A0A0E9 /* Preview Assets.xcassets in Resources */,
				55490F7B2598D5E200C5F321 /* Localizable.strings in Resources */,
				55394FB5259255FF00A0A0E9 /* Assets.xcassets in Resources */,
			);
			runOnlyForDeploymentPostprocessing = 0;
		};
/* End PBXResourcesBuildPhase section */

/* Begin PBXSourcesBuildPhase section */
		55394FA9259255FE00A0A0E9 /* Sources */ = {
			isa = PBXSourcesBuildPhase;
			buildActionMask = 2147483647;
			files = (
				55394FB3259255FE00A0A0E9 /* ContentView.swift in Sources */,
				55394FB1259255FE00A0A0E9 /* Share_honestlyApp.swift in Sources */,
				55490F76259867D900C5F321 /* License.swift in Sources */,
			);
			runOnlyForDeploymentPostprocessing = 0;
		};
/* End PBXSourcesBuildPhase section */

/* Begin PBXVariantGroup section */
		55490F7D2598D5E200C5F321 /* Localizable.strings */ = {
			isa = PBXVariantGroup;
			children = (
				55490F7C2598D5E200C5F321 /* en */,
				55490F7E2598D60600C5F321 /* ru */,
			);
			name = Localizable.strings;
			sourceTree = "<group>";
		};
/* End PBXVariantGroup section */

/* Begin XCBuildConfiguration section */
		55394FBA259255FF00A0A0E9 /* Debug */ = {
			isa = XCBuildConfiguration;
			buildSettings = {
				ALWAYS_SEARCH_USER_PATHS = NO;
				CLANG_ANALYZER_LOCALIZABILITY_NONLOCALIZED = YES;
				CLANG_ANALYZER_NONNULL = YES;
				CLANG_ANALYZER_NUMBER_OBJECT_CONVERSION = YES_AGGRESSIVE;
				CLANG_CXX_LANGUAGE_STANDARD = "gnu++14";
				CLANG_CXX_LIBRARY = "libc++";
				CLANG_ENABLE_MODULES = YES;
				CLANG_ENABLE_OBJC_ARC = YES;
				CLANG_ENABLE_OBJC_WEAK = YES;
				CLANG_WARN_BLOCK_CAPTURE_AUTORELEASING = YES;
				CLANG_WARN_BOOL_CONVERSION = YES;
				CLANG_WARN_COMMA = YES;
				CLANG_WARN_CONSTANT_CONVERSION = YES;
				CLANG_WARN_DEPRECATED_OBJC_IMPLEMENTATIONS = YES;
				CLANG_WARN_DIRECT_OBJC_ISA_USAGE = YES_ERROR;
				CLANG_WARN_DOCUMENTATION_COMMENTS = YES;
				CLANG_WARN_EMPTY_BODY = YES;
				CLANG_WARN_ENUM_CONVERSION = YES;
				CLANG_WARN_INFINITE_RECURSION = YES;
				CLANG_WARN_INT_CONVERSION = YES;
				CLANG_WARN_NON_LITERAL_NULL_CONVERSION = YES;
				CLANG_WARN_OBJC_IMPLICIT_RETAIN_SELF = YES;
				CLANG_WARN_OBJC_LITERAL_CONVERSION = YES;
				CLANG_WARN_OBJC_ROOT_CLASS = YES_ERROR;
				CLANG_WARN_QUOTED_INCLUDE_IN_FRAMEWORK_HEADER = YES;
				CLANG_WARN_RANGE_LOOP_ANALYSIS = YES;
				CLANG_WARN_STRICT_PROTOTYPES = YES;
				CLANG_WARN_SUSPICIOUS_MOVE = YES;
				CLANG_WARN_UNGUARDED_AVAILABILITY = YES_AGGRESSIVE;
				CLANG_WARN_UNREACHABLE_CODE = YES;
				CLANG_WARN__DUPLICATE_METHOD_MATCH = YES;
				COPY_PHASE_STRIP = NO;
				DEBUG_INFORMATION_FORMAT = dwarf;
				ENABLE_STRICT_OBJC_MSGSEND = YES;
				ENABLE_TESTABILITY = YES;
				GCC_C_LANGUAGE_STANDARD = gnu11;
				GCC_DYNAMIC_NO_PIC = NO;
				GCC_NO_COMMON_BLOCKS = YES;
				GCC_OPTIMIZATION_LEVEL = 0;
				GCC_PREPROCESSOR_DEFINITIONS = (
					"DEBUG=1",
					"$(inherited)",
				);
				GCC_WARN_64_TO_32_BIT_CONVERSION = YES;
				GCC_WARN_ABOUT_RETURN_TYPE = YES_ERROR;
				GCC_WARN_UNDECLARED_SELECTOR = YES;
				GCC_WARN_UNINITIALIZED_AUTOS = YES_AGGRESSIVE;
				GCC_WARN_UNUSED_FUNCTION = YES;
				GCC_WARN_UNUSED_VARIABLE = YES;
				IPHONEOS_DEPLOYMENT_TARGET = 14.3;
				MTL_ENABLE_DEBUG_INFO = INCLUDE_SOURCE;
				MTL_FAST_MATH = YES;
				ONLY_ACTIVE_ARCH = YES;
				SDKROOT = iphoneos;
				SWIFT_ACTIVE_COMPILATION_CONDITIONS = DEBUG;
				SWIFT_OPTIMIZATION_LEVEL = "-Onone";
			};
			name = Debug;
		};
		55394FBB259255FF00A0A0E9 /* Release */ = {
			isa = XCBuildConfiguration;
			buildSettings = {
				ALWAYS_SEARCH_USER_PATHS = NO;
				CLANG_ANALYZER_LOCALIZABILITY_NONLOCALIZED = YES;
				CLANG_ANALYZER_NONNULL = YES;
				CLANG_ANALYZER_NUMBER_OBJECT_CONVERSION = YES_AGGRESSIVE;
				CLANG_CXX_LANGUAGE_STANDARD = "gnu++14";
				CLANG_CXX_LIBRARY = "libc++";
				CLANG_ENABLE_MODULES = YES;
				CLANG_ENABLE_OBJC_ARC = YES;
				CLANG_ENABLE_OBJC_WEAK = YES;
				CLANG_WARN_BLOCK_CAPTURE_AUTORELEASING = YES;
				CLANG_WARN_BOOL_CONVERSION = YES;
				CLANG_WARN_COMMA = YES;
				CLANG_WARN_CONSTANT_CONVERSION = YES;
				CLANG_WARN_DEPRECATED_OBJC_IMPLEMENTATIONS = YES;
				CLANG_WARN_DIRECT_OBJC_ISA_USAGE = YES_ERROR;
				CLANG_WARN_DOCUMENTATION_COMMENTS = YES;
				CLANG_WARN_EMPTY_BODY = YES;
				CLANG_WARN_ENUM_CONVERSION = YES;
				CLANG_WARN_INFINITE_RECURSION = YES;
				CLANG_WARN_INT_CONVERSION = YES;
				CLANG_WARN_NON_LITERAL_NULL_CONVERSION = YES;
				CLANG_WARN_OBJC_IMPLICIT_RETAIN_SELF = YES;
				CLANG_WARN_OBJC_LITERAL_CONVERSION = YES;
				CLANG_WARN_OBJC_ROOT_CLASS = YES_ERROR;
				CLANG_WARN_QUOTED_INCLUDE_IN_FRAMEWORK_HEADER = YES;
				CLANG_WARN_RANGE_LOOP_ANALYSIS = YES;
				CLANG_WARN_STRICT_PROTOTYPES = YES;
				CLANG_WARN_SUSPICIOUS_MOVE = YES;
				CLANG_WARN_UNGUARDED_AVAILABILITY = YES_AGGRESSIVE;
				CLANG_WARN_UNREACHABLE_CODE = YES;
				CLANG_WARN__DUPLICATE_METHOD_MATCH = YES;
				COPY_PHASE_STRIP = NO;
				DEBUG_INFORMATION_FORMAT = "dwarf-with-dsym";
				ENABLE_NS_ASSERTIONS = NO;
				ENABLE_STRICT_OBJC_MSGSEND = YES;
				GCC_C_LANGUAGE_STANDARD = gnu11;
				GCC_NO_COMMON_BLOCKS = YES;
				GCC_WARN_64_TO_32_BIT_CONVERSION = YES;
				GCC_WARN_ABOUT_RETURN_TYPE = YES_ERROR;
				GCC_WARN_UNDECLARED_SELECTOR = YES;
				GCC_WARN_UNINITIALIZED_AUTOS = YES_AGGRESSIVE;
				GCC_WARN_UNUSED_FUNCTION = YES;
				GCC_WARN_UNUSED_VARIABLE = YES;
				IPHONEOS_DEPLOYMENT_TARGET = 14.3;
				MTL_ENABLE_DEBUG_INFO = NO;
				MTL_FAST_MATH = YES;
				SDKROOT = iphoneos;
				SWIFT_COMPILATION_MODE = wholemodule;
				SWIFT_OPTIMIZATION_LEVEL = "-O";
				VALIDATE_PRODUCT = YES;
			};
			name = Release;
		};
		55394FBD259255FF00A0A0E9 /* Debug */ = {
			isa = XCBuildConfiguration;
			buildSettings = {
				ASSETCATALOG_COMPILER_APPICON_NAME = AppIcon;
				ASSETCATALOG_COMPILER_GLOBAL_ACCENT_COLOR_NAME = AccentColor;
				CODE_SIGN_STYLE = Automatic;
				DEVELOPMENT_ASSET_PATHS = "\"Share honestly/Preview Content\"";
				DEVELOPMENT_TEAM = 355BV899AN;
				ENABLE_PREVIEWS = YES;
				INFOPLIST_FILE = "Share honestly/Info.plist";
				IPHONEOS_DEPLOYMENT_TARGET = 14.0;
				LD_RUNPATH_SEARCH_PATHS = (
					"$(inherited)",
					"@executable_path/Frameworks",
				);
				PRODUCT_BUNDLE_IDENTIFIER = "Andrey-Kudryavtsev.Share-honestly";
				PRODUCT_NAME = "$(TARGET_NAME)";
				SWIFT_VERSION = 5.0;
				TARGETED_DEVICE_FAMILY = "1,2";
			};
			name = Debug;
		};
		55394FBE259255FF00A0A0E9 /* Release */ = {
			isa = XCBuildConfiguration;
			buildSettings = {
				ASSETCATALOG_COMPILER_APPICON_NAME = AppIcon;
				ASSETCATALOG_COMPILER_GLOBAL_ACCENT_COLOR_NAME = AccentColor;
				CODE_SIGN_STYLE = Automatic;
				DEVELOPMENT_ASSET_PATHS = "\"Share honestly/Preview Content\"";
				DEVELOPMENT_TEAM = 355BV899AN;
				ENABLE_PREVIEWS = YES;
				INFOPLIST_FILE = "Share honestly/Info.plist";
				IPHONEOS_DEPLOYMENT_TARGET = 14.0;
				LD_RUNPATH_SEARCH_PATHS = (
					"$(inherited)",
					"@executable_path/Frameworks",
				);
				PRODUCT_BUNDLE_IDENTIFIER = "Andrey-Kudryavtsev.Share-honestly";
				PRODUCT_NAME = "$(TARGET_NAME)";
				SWIFT_VERSION = 5.0;
				TARGETED_DEVICE_FAMILY = "1,2";
			};
			name = Release;
		};
/* End XCBuildConfiguration section */

/* Begin XCConfigurationList section */
		55394FA8259255FE00A0A0E9 /* Build configuration list for PBXProject "Share honestly" */ = {
			isa = XCConfigurationList;
			buildConfigurations = (
				55394FBA259255FF00A0A0E9 /* Debug */,
				55394FBB259255FF00A0A0E9 /* Release */,
			);
			defaultConfigurationIsVisible = 0;
			defaultConfigurationName = Release;
		};
		55394FBC259255FF00A0A0E9 /* Build configuration list for PBXNativeTarget "Share honestly" */ = {
			isa = XCConfigurationList;
			buildConfigurations = (
				55394FBD259255FF00A0A0E9 /* Debug */,
				55394FBE259255FF00A0A0E9 /* Release */,
			);
			defaultConfigurationIsVisible = 0;
			defaultConfigurationName = Release;
		};
/* End XCConfigurationList section */
	};
	rootObject = 55394FA5259255FE00A0A0E9 /* Project object */;
}
